lockfileVersion: 5.4

specifiers:
  '@prisma/client': ^4.10.1
  bun-types: latest
  elysia: latest
  nanoid: ^4.0.1

dependencies:
  '@prisma/client': 4.11.0
  elysia: 0.2.9
  nanoid: 4.0.1

devDependencies:
  bun-types: 0.5.7

packages:

  /@prisma/client/4.11.0:
    resolution: {integrity: sha512-0INHYkQIqgAjrt7NzhYpeDQi8x3Nvylc2uDngKyFDDj1tTRQ4uV1HnVmd1sQEraeVAN63SOK0dgCKQHlvjL0KA==}
    engines: {node: '>=14.17'}
    requiresBuild: true
    peerDependencies:
      prisma: '*'
    peerDependenciesMeta:
      prisma:
        optional: true
    dependencies:
      '@prisma/engines-version': 4.11.0-57.8fde8fef4033376662cad983758335009d522acb
    dev: false

  /@prisma/engines-version/4.11.0-57.8fde8fef4033376662cad983758335009d522acb:
    resolution: {integrity: sha512-3Vd8Qq06d5xD8Ch5WauWcUUrsVPdMC6Ge8ILji8RFfyhUpqon6qSyGM0apvr1O8n8qH8cKkEFqRPsYjuz5r83g==}
    dev: false

  /@sinclair/typebox/0.25.24:
    resolution: {integrity: sha512-XJfwUVUKDHF5ugKwIcxEgc9k8b7HbznCp6eUfWgu710hMPNIO4aw4/zB5RogDQz8nd6gyCDpU9O/m6qYEWY6yQ==}
    dev: false

  /bun-types/0.5.7:
    resolution: {integrity: sha512-79ualR6PIZYTbALgsUxZXlAhkz0M7h7QMsXWn/eX+VOOCX3bPA9y0Pywu4MUEWOK8cK/JhnAODMqZfhCb911nw==}
    dev: true

  /elysia/0.2.9:
    resolution: {integrity: sha512-gaQyLrkCP9gUNQu4w+RvcziIMRPmOYW9PIjsWE0bfOCgKpYs7KwW0SZgmTRGS+JcSRavXEACpzQGPrium0g+jA==}
    dependencies:
      '@sinclair/typebox': 0.25.24
      openapi-types: 12.1.0
      raikiri: 0.0.0-beta.8
    dev: false

  /nanoid/4.0.1:
    resolution: {integrity: sha512-udKGtCCUafD3nQtJg9wBhRP3KMbPglUsgV5JVsXhvyBs/oefqb4sqMEhKBBgqZncYowu58p1prsZQBYvAj/Gww==}
    engines: {node: ^14 || ^16 || >=18}
    hasBin: true
    dev: false

  /openapi-types/12.1.0:
    resolution: {integrity: sha512-XpeCy01X6L5EpP+6Hc3jWN7rMZJ+/k1lwki/kTmWzbVhdPie3jd5O2ZtedEx8Yp58icJ0osVldLMrTB/zslQXA==}
    dev: false

  /raikiri/0.0.0-beta.8:
    resolution: {integrity: sha512-cH/yfvkiGkN8IBB2MkRHikpPurTnd2sMkQ/xtGpXrp3O76P4ppcWPb+86mJaBDzKaclLnSX+9NnT79D7ifH4/w==}
    dev: false
